PODS:
  - Capacitor (6.0.0):
    - CapacitorCordova
  - CapacitorApp (6.0.0):
    - Capacitor
  - CapacitorBrowser (6.0.0):
    - Capacitor
  - CapacitorCordova (6.0.0)
  - CapacitorGeolocation (6.0.0):
    - Capacitor
  - CapacitorHaptics (6.0.0):
    - Capacitor
  - CapacitorKeyboard (6.0.0):
    - Capacitor
  - CapacitorLocalNotifications (6.0.0):
    - Capacitor
  - CapacitorNativeBiometric (0.0.1):
    - Capacitor
  - CapacitorStatusBar (6.0.0):
    - Capacitor
  - CapacitorStorage (1.2.5):
    - Capacitor

DEPENDENCIES:
  - "Capacitor (from `../../node_modules/@capacitor/ios`)"
  - "CapacitorApp (from `../../node_modules/@capacitor/app`)"
  - "CapacitorBrowser (from `../../node_modules/@capacitor/browser`)"
  - "CapacitorCordova (from `../../node_modules/@capacitor/ios`)"
  - "CapacitorGeolocation (from `../../node_modules/@capacitor/geolocation`)"
  - "CapacitorHaptics (from `../../node_modules/@capacitor/haptics`)"
  - "CapacitorKeyboard (from `../../node_modules/@capacitor/keyboard`)"
  - "CapacitorLocalNotifications (from `../../node_modules/@capacitor/local-notifications`)"
  - CapacitorNativeBiometric (from `../../node_modules/capacitor-native-biometric`)
  - "CapacitorStatusBar (from `../../node_modules/@capacitor/status-bar`)"
  - "CapacitorStorage (from `../../node_modules/@capacitor/storage`)"

EXTERNAL SOURCES:
  Capacitor:
    :path: "../../node_modules/@capacitor/ios"
  CapacitorApp:
    :path: "../../node_modules/@capacitor/app"
  CapacitorBrowser:
    :path: "../../node_modules/@capacitor/browser"
  CapacitorCordova:
    :path: "../../node_modules/@capacitor/ios"
  CapacitorGeolocation:
    :path: "../../node_modules/@capacitor/geolocation"
  CapacitorHaptics:
    :path: "../../node_modules/@capacitor/haptics"
  CapacitorKeyboard:
    :path: "../../node_modules/@capacitor/keyboard"
  CapacitorLocalNotifications:
    :path: "../../node_modules/@capacitor/local-notifications"
  CapacitorNativeBiometric:
    :path: "../../node_modules/capacitor-native-biometric"
  CapacitorStatusBar:
    :path: "../../node_modules/@capacitor/status-bar"
  CapacitorStorage:
    :path: "../../node_modules/@capacitor/storage"

SPEC CHECKSUMS:
  Capacitor: 559d073c4ca6c27f8e7002c807eea94c3ba435a9
  CapacitorApp: 9d53aec7101f7b030a950c5bdc4df8612576b279
  CapacitorBrowser: 7e1e2cdbb3e372f09f0bad0c4c21a6d187b679ad
  CapacitorCordova: 8c4bfdf69368512e85b1d8b724dd7546abeb30af
  CapacitorGeolocation: 1f12bbe372b65116e851bd8e3a94cf0ef9bacebb
  CapacitorHaptics: 9ebc9363f0e9b8eb4295088a0b474530acf1859b
  CapacitorKeyboard: deacbd09d8d1029c3681197fb05d206b721d5f73
  CapacitorLocalNotifications: 4ab68f0be5f697a579558fadd307d823a9ec1c26
  CapacitorNativeBiometric: b47637a8cd349bdac014424bb4ddcae9ee5d4919
  CapacitorStatusBar: 2e4369f99166125435641b1908d05f561eaba6f6
  CapacitorStorage: 63255170c2f7e9f7363b3e5e015584e6d18f2969

PODFILE CHECKSUM: 134ce46d6ebd8805d7d1a46a4b2c4d78ab536298

COCOAPODS: 1.15.2
